{
  "nodes": {
    "agenix": {
      "inputs": {
        "darwin": [
          "nixpkgs"
        ],
        "nixpkgs": [
          "nixpkgs"
        ]
      },
      "locked": {
        "lastModified": 1682101079,
        "narHash": "sha256-MdAhtjrLKnk2uiqun1FWABbKpLH090oeqCSiWemtuck=",
        "owner": "ryantm",
        "repo": "agenix",
        "rev": "2994d002dcff5353ca1ac48ec584c7f6589fe447",
        "type": "github"
      },
      "original": {
        "owner": "ryantm",
        "repo": "agenix",
        "type": "github"
      }
    },
    "c4": {
      "locked": {
        "lastModified": 1680057874,
        "narHash": "sha256-fuz2jLDFzEWmmANHNSucvuu6U7pZGl4atKuAcplpaUQ=",
        "owner": "fossar",
        "repo": "composition-c4",
        "rev": "493ddc4a8279cde3bee0db1d04fd7d4838d51ab9",
        "type": "github"
      },
      "original": {
        "owner": "fossar",
        "repo": "composition-c4",
        "type": "github"
      }
    },
    "dwarffs": {
      "inputs": {
        "nix": [
          "nixpkgs"
        ],
        "nixpkgs": [
          "nixpkgs"
        ]
      },
      "locked": {
        "lastModified": 1662486847,
        "narHash": "sha256-HBgQB8jzmpBTHAdPfCtLnxVhHSzI3XtSfcMW2TZ0KN8=",
        "owner": "edolstra",
        "repo": "dwarffs",
        "rev": "1f850df9c932acb95da2f31b576a8f6c7c188376",
        "type": "github"
      },
      "original": {
        "owner": "edolstra",
        "repo": "dwarffs",
        "type": "github"
      }
    },
    "flake-compat": {
      "flake": false,
      "locked": {
        "lastModified": 1673956053,
        "narHash": "sha256-4gtG9iQuiKITOjNQQeQIpoIB6b16fm+504Ch3sNKLd8=",
        "owner": "edolstra",
        "repo": "flake-compat",
        "rev": "35bb57c0c8d8b62bbfd284272c928ceb64ddbde9",
        "type": "github"
      },
      "original": {
        "owner": "edolstra",
        "repo": "flake-compat",
        "type": "github"
      }
    },
    "flake-utils": {
      "locked": {
        "lastModified": 1659877975,
        "narHash": "sha256-zllb8aq3YO3h8B/U0/J1WBgAL8EX5yWf5pMj3G0NAmc=",
        "owner": "numtide",
        "repo": "flake-utils",
        "rev": "c0e246b9b83f637f4681389ecabcb2681b4f3af0",
        "type": "github"
      },
      "original": {
        "owner": "numtide",
        "repo": "flake-utils",
        "type": "github"
      }
    },
    "flake-utils_2": {
      "locked": {
        "lastModified": 1676283394,
        "narHash": "sha256-XX2f9c3iySLCw54rJ/CZs+ZK6IQy7GXNY4nSOyu2QG4=",
        "owner": "numtide",
        "repo": "flake-utils",
        "rev": "3db36a8b464d0c4532ba1c7dda728f4576d6d073",
        "type": "github"
      },
      "original": {
        "owner": "numtide",
        "repo": "flake-utils",
        "type": "github"
      }
    },
    "home-manager": {
      "inputs": {
        "nixpkgs": [
          "nixpkgs"
        ]
      },
      "locked": {
        "lastModified": 1682254187,
        "narHash": "sha256-KQHLs6QLBLA3TQm61oKdAJIwErAt+aC4xnstdmy39Q0=",
        "owner": "nix-community",
        "repo": "home-manager",
        "rev": "48ad7ade11795dd10a095c68f6a4a4dcb339307b",
        "type": "github"
      },
      "original": {
        "owner": "nix-community",
        "ref": "master",
        "repo": "home-manager",
        "type": "github"
      }
    },
    "naersk": {
      "inputs": {
        "nixpkgs": [
          "nixpkgs"
        ]
      },
      "locked": {
        "lastModified": 1679567394,
        "narHash": "sha256-ZvLuzPeARDLiQUt6zSZFGOs+HZmE+3g4QURc8mkBsfM=",
        "owner": "nmattia",
        "repo": "naersk",
        "rev": "88cd22380154a2c36799fe8098888f0f59861a15",
        "type": "github"
      },
      "original": {
        "owner": "nmattia",
        "repo": "naersk",
        "type": "github"
      }
    },
    "napalm": {
      "inputs": {
        "flake-utils": "flake-utils",
        "nixpkgs": [
          "nixpkgs"
        ]
      },
      "locked": {
        "lastModified": 1672245824,
        "narHash": "sha256-i596lbPiA/Rfx3DiJiCluxdgxWY7oGSgYMT7OmM+zik=",
        "owner": "nix-community",
        "repo": "napalm",
        "rev": "7c25a05cef52dc405f4688422ce0046ca94aadcf",
        "type": "github"
      },
      "original": {
        "owner": "nix-community",
        "repo": "napalm",
        "type": "github"
      }
    },
    "nixgl": {
      "flake": false,
      "locked": {
        "lastModified": 1676383589,
        "narHash": "sha256-KCkWZXCjH+C4Kn7fUGSrEl5btk+sERHhZueSsvVbPWc=",
        "owner": "guibou",
        "repo": "nixGL",
        "rev": "c917918ab9ebeee27b0dd657263d3f57ba6bb8ad",
        "type": "github"
      },
      "original": {
        "owner": "guibou",
        "repo": "nixGL",
        "type": "github"
      }
    },
    "nixpkgs": {
      "locked": {
        "lastModified": 1682181988,
        "narHash": "sha256-CYWhlNi16cjGzMby9h57gpYE59quBcsHPXiFgX4Sw5k=",
        "owner": "nixos",
        "repo": "nixpkgs",
        "rev": "6c43a3495a11e261e5f41e5d7eda2d71dae1b2fe",
        "type": "github"
      },
      "original": {
        "owner": "nixos",
        "ref": "nixos-unstable",
        "repo": "nixpkgs",
        "type": "github"
      }
    },
    "nixpkgs-mozilla": {
      "flake": false,
      "locked": {
        "lastModified": 1677493379,
        "narHash": "sha256-A1gO8zlWLv3+tZ3cGVB1WYvvoN9pbFyv0xIJHcTsckw=",
        "owner": "mozilla",
        "repo": "nixpkgs-mozilla",
        "rev": "78e723925daf5c9e8d0a1837ec27059e61649cb6",
        "type": "github"
      },
      "original": {
        "owner": "mozilla",
        "repo": "nixpkgs-mozilla",
        "type": "github"
      }
    },
    "root": {
      "inputs": {
        "agenix": "agenix",
        "c4": "c4",
        "dwarffs": "dwarffs",
        "flake-compat": "flake-compat",
        "home-manager": "home-manager",
        "naersk": "naersk",
        "napalm": "napalm",
        "nixgl": "nixgl",
        "nixpkgs": "nixpkgs",
        "nixpkgs-mozilla": "nixpkgs-mozilla",
        "spicetify-nix": "spicetify-nix"
      }
    },
    "spicetify-cli": {
      "flake": false,
      "locked": {
        "lastModified": 1677851665,
        "narHash": "sha256-C5J+OJjoiPOo/scVd48lTBJKKWial3TCkCIDBSerO+4=",
        "owner": "spicetify",
        "repo": "spicetify-cli",
        "rev": "c9d8068d58d8c45f961ca42edcea47d7be904164",
        "type": "github"
      },
      "original": {
        "owner": "spicetify",
        "repo": "spicetify-cli",
        "type": "github"
      }
    },
    "spicetify-nix": {
      "inputs": {
        "flake-utils": "flake-utils_2",
        "nixpkgs": [
          "nixpkgs"
        ],
        "spicetify-cli": "spicetify-cli"
      },
      "locked": {
        "lastModified": 1679401262,
        "narHash": "sha256-6HuFHrkQsjrP7bOUUN501q8FFsTwpMsw5+brsIUDJuY=",
        "owner": "the-argus",
        "repo": "spicetify-nix",
        "rev": "f89305a9af65abf3edfba10d12c2d1a572caddb6",
        "type": "github"
      },
      "original": {
        "owner": "the-argus",
        "repo": "spicetify-nix",
        "type": "github"
      }
    }
  },
  "root": "root",
  "version": 7
}
