{
  "nodes": {
    "nixpkgs": {
      "locked": {
        "lastModified": 1600573085,
        "narHash": "sha256-w5SGosyuTbFCBoUzgy2gyVcxYxRUvZ6SgHsRIPkZXgI=",
        "owner": "nixos",
        "repo": "nixpkgs",
        "rev": "1179840f9a88b8a548f4b11d1a03aa25a790c379",
        "type": "github"
      },
      "original": {
        "owner": "nixos",
        "ref": "nixos-unstable",
        "repo": "nixpkgs",
        "type": "github"
      }
    },
    "root": {
      "inputs": {
        "nixpkgs": "nixpkgs"
      }
    }
  },
  "root": "root",
  "version": 7
}
