{
  "nodes": {
    "nixpkgs": {
      "locked": {
        "lastModified": 1603347458,
        "narHash": "sha256-Ec9Xkb3U/WdUk6K51Ts4oLNGdlYxC02JyOMXoivYWjQ=",
        "owner": "NixOS",
        "repo": "nixpkgs",
        "rev": "ec3aa4c109cf4ddb2094269d7673bae3d3867308",
        "type": "github"
      },
      "original": {
        "owner": "nixos",
        "ref": "nixos-unstable",
        "repo": "nixpkgs",
        "type": "github"
      }
    },
    "root": {
      "inputs": {
        "nixpkgs": "nixpkgs"
      }
    }
  },
  "root": "root",
  "version": 7
}
